// !$*UTF8*$!
{
	archiveVersion = 1;
	classes = {
	};
	objectVersion = 50;
	objects = {

/* Begin PBXBuildFile section */
		C9B5C70A20F72C78001E6206 /* AppDelegate.swift in Sources */ = {isa = PBXBuildFile; fileRef = C9B5C70920F72C78001E6206 /* AppDelegate.swift */; };
		C9B5C70C20F72C78001E6206 /* ViewController.swift in Sources */ = {isa = PBXBuildFile; fileRef = C9B5C70B20F72C78001E6206 /* ViewController.swift */; };
		C9B5C70F20F72C78001E6206 /* Main.storyboard in Resources */ = {isa = PBXBuildFile; fileRef = C9B5C70D20F72C78001E6206 /* Main.storyboard */; };
		C9B5C71120F72C79001E6206 /* Assets.xcassets in Resources */ = {isa = PBXBuildFile; fileRef = C9B5C71020F72C79001E6206 /* Assets.xcassets */; };
		C9B5C71420F72C79001E6206 /* LaunchScreen.storyboard in Resources */ = {isa = PBXBuildFile; fileRef = C9B5C71220F72C79001E6206 /* LaunchScreen.storyboard */; };
		C9B5C71F20F72C79001E6206 /* PFMediator_masterTests.swift in Sources */ = {isa = PBXBuildFile; fileRef = C9B5C71E20F72C79001E6206 /* PFMediator_masterTests.swift */; };
		C9B5C72A20F72C79001E6206 /* PFMediator_masterUITests.swift in Sources */ = {isa = PBXBuildFile; fileRef = C9B5C72920F72C79001E6206 /* PFMediator_masterUITests.swift */; };
		C9B5C73E20F72D0A001E6206 /* PFRouter.swift in Sources */ = {isa = PBXBuildFile; fileRef = C9B5C73920F72D0A001E6206 /* PFRouter.swift */; };
		C9B5C73F20F72D0A001E6206 /* PFMediator.swift in Sources */ = {isa = PBXBuildFile; fileRef = C9B5C73A20F72D0A001E6206 /* PFMediator.swift */; };
		C9B5C74020F72D0A001E6206 /* PFMessageProtocol.swift in Sources */ = {isa = PBXBuildFile; fileRef = C9B5C73B20F72D0A001E6206 /* PFMessageProtocol.swift */; };
		C9B5C74120F72D0A001E6206 /* PFMediatorProvider.swift in Sources */ = {isa = PBXBuildFile; fileRef = C9B5C73C20F72D0A001E6206 /* PFMediatorProvider.swift */; };
		C9B5C74220F72D0A001E6206 /* PFMediatorTargetType.swift in Sources */ = {isa = PBXBuildFile; fileRef = C9B5C73D20F72D0A001E6206 /* PFMediatorTargetType.swift */; };
		C9B5C74420F72DF0001E6206 /* HomePageViewController.swift in Sources */ = {isa = PBXBuildFile; fileRef = C9B5C74320F72DF0001E6206 /* HomePageViewController.swift */; };
		C9B5C74620F73022001E6206 /* HomePageMessageViewController.swift in Sources */ = {isa = PBXBuildFile; fileRef = C9B5C74520F73022001E6206 /* HomePageMessageViewController.swift */; };
		C9B5C74820F73036001E6206 /* HomePageWeatherViewController.swift in Sources */ = {isa = PBXBuildFile; fileRef = C9B5C74720F73036001E6206 /* HomePageWeatherViewController.swift */; };
		C9B5C74C20F730A3001E6206 /* Target_HomePage.swift in Sources */ = {isa = PBXBuildFile; fileRef = C9B5C74B20F730A3001E6206 /* Target_HomePage.swift */; };
		C9B5C74E20F730C0001E6206 /* Mediator_HomePageApi.swift in Sources */ = {isa = PBXBuildFile; fileRef = C9B5C74D20F730C0001E6206 /* Mediator_HomePageApi.swift */; };
		C9B5C75020F73138001E6206 /* PFTarget.swift in Sources */ = {isa = PBXBuildFile; fileRef = C9B5C74F20F73138001E6206 /* PFTarget.swift */; };
		C9B5C75220F742DB001E6206 /* UserModel.swift in Sources */ = {isa = PBXBuildFile; fileRef = C9B5C75120F742DB001E6206 /* UserModel.swift */; };
/* End PBXBuildFile section */

/* Begin PBXContainerItemProxy section */
		C9B5C71B20F72C79001E6206 /* PBXContainerItemProxy */ = {
			isa = PBXContainerItemProxy;
			containerPortal = C9B5C6FE20F72C78001E6206 /* Project object */;
			proxyType = 1;
			remoteGlobalIDString = C9B5C70520F72C78001E6206;
			remoteInfo = "PFMediator-master";
		};
		C9B5C72620F72C79001E6206 /* PBXContainerItemProxy */ = {
			isa = PBXContainerItemProxy;
			containerPortal = C9B5C6FE20F72C78001E6206 /* Project object */;
			proxyType = 1;
			remoteGlobalIDString = C9B5C70520F72C78001E6206;
			remoteInfo = "PFMediator-master";
		};
/* End PBXContainerItemProxy section */

/* Begin PBXFileReference section */
		C9B5C70620F72C78001E6206 /* PFMediator-master.app */ = {isa = PBXFileReference; explicitFileType = wrapper.application; includeInIndex = 0; path = "PFMediator-master.app"; sourceTree = BUILT_PRODUCTS_DIR; };
		C9B5C70920F72C78001E6206 /* AppDelegate.swift */ = {isa = PBXFileReference; lastKnownFileType = sourcecode.swift; path = AppDelegate.swift; sourceTree = "<group>"; };
		C9B5C70B20F72C78001E6206 /* ViewController.swift */ = {isa = PBXFileReference; lastKnownFileType = sourcecode.swift; path = ViewController.swift; sourceTree = "<group>"; };
		C9B5C70E20F72C78001E6206 /* Base */ = {isa = PBXFileReference; lastKnownFileType = file.storyboard; name = Base; path = Base.lproj/Main.storyboard; sourceTree = "<group>"; };
		C9B5C71020F72C79001E6206 /* Assets.xcassets */ = {isa = PBXFileReference; lastKnownFileType = folder.assetcatalog; path = Assets.xcassets; sourceTree = "<group>"; };
		C9B5C71320F72C79001E6206 /* Base */ = {isa = PBXFileReference; lastKnownFileType = file.storyboard; name = Base; path = Base.lproj/LaunchScreen.storyboard; sourceTree = "<group>"; };
		C9B5C71520F72C79001E6206 /* Info.plist */ = {isa = PBXFileReference; lastKnownFileType = text.plist.xml; path = Info.plist; sourceTree = "<group>"; };
		C9B5C71A20F72C79001E6206 /* PFMediator-masterTests.xctest */ = {isa = PBXFileReference; explicitFileType = wrapper.cfbundle; includeInIndex = 0; path = "PFMediator-masterTests.xctest"; sourceTree = BUILT_PRODUCTS_DIR; };
		C9B5C71E20F72C79001E6206 /* PFMediator_masterTests.swift */ = {isa = PBXFileReference; lastKnownFileType = sourcecode.swift; path = PFMediator_masterTests.swift; sourceTree = "<group>"; };
		C9B5C72020F72C79001E6206 /* Info.plist */ = {isa = PBXFileReference; lastKnownFileType = text.plist.xml; path = Info.plist; sourceTree = "<group>"; };
		C9B5C72520F72C79001E6206 /* PFMediator-masterUITests.xctest */ = {isa = PBXFileReference; explicitFileType = wrapper.cfbundle; includeInIndex = 0; path = "PFMediator-masterUITests.xctest"; sourceTree = BUILT_PRODUCTS_DIR; };
		C9B5C72920F72C79001E6206 /* PFMediator_masterUITests.swift */ = {isa = PBXFileReference; lastKnownFileType = sourcecode.swift; path = PFMediator_masterUITests.swift; sourceTree = "<group>"; };
		C9B5C72B20F72C79001E6206 /* Info.plist */ = {isa = PBXFileReference; lastKnownFileType = text.plist.xml; path = Info.plist; sourceTree = "<group>"; };
		C9B5C73920F72D0A001E6206 /* PFRouter.swift */ = {isa = PBXFileReference; fileEncoding = 4; lastKnownFileType = sourcecode.swift; path = PFRouter.swift; sourceTree = "<group>"; };
		C9B5C73A20F72D0A001E6206 /* PFMediator.swift */ = {isa = PBXFileReference; fileEncoding = 4; lastKnownFileType = sourcecode.swift; path = PFMediator.swift; sourceTree = "<group>"; };
		C9B5C73B20F72D0A001E6206 /* PFMessageProtocol.swift */ = {isa = PBXFileReference; fileEncoding = 4; lastKnownFileType = sourcecode.swift; path = PFMessageProtocol.swift; sourceTree = "<group>"; };
		C9B5C73C20F72D0A001E6206 /* PFMediatorProvider.swift */ = {isa = PBXFileReference; fileEncoding = 4; lastKnownFileType = sourcecode.swift; path = PFMediatorProvider.swift; sourceTree = "<group>"; };
		C9B5C73D20F72D0A001E6206 /* PFMediatorTargetType.swift */ = {isa = PBXFileReference; fileEncoding = 4; lastKnownFileType = sourcecode.swift; path = PFMediatorTargetType.swift; sourceTree = "<group>"; };
		C9B5C74320F72DF0001E6206 /* HomePageViewController.swift */ = {isa = PBXFileReference; lastKnownFileType = sourcecode.swift; path = HomePageViewController.swift; sourceTree = "<group>"; };
		C9B5C74520F73022001E6206 /* HomePageMessageViewController.swift */ = {isa = PBXFileReference; lastKnownFileType = sourcecode.swift; path = HomePageMessageViewController.swift; sourceTree = "<group>"; };
		C9B5C74720F73036001E6206 /* HomePageWeatherViewController.swift */ = {isa = PBXFileReference; lastKnownFileType = sourcecode.swift; path = HomePageWeatherViewController.swift; sourceTree = "<group>"; };
		C9B5C74B20F730A3001E6206 /* Target_HomePage.swift */ = {isa = PBXFileReference; lastKnownFileType = sourcecode.swift; path = Target_HomePage.swift; sourceTree = "<group>"; };
		C9B5C74D20F730C0001E6206 /* Mediator_HomePageApi.swift */ = {isa = PBXFileReference; lastKnownFileType = sourcecode.swift; path = Mediator_HomePageApi.swift; sourceTree = "<group>"; };
		C9B5C74F20F73138001E6206 /* PFTarget.swift */ = {isa = PBXFileReference; lastKnownFileType = sourcecode.swift; path = PFTarget.swift; sourceTree = "<group>"; };
		C9B5C75120F742DB001E6206 /* UserModel.swift */ = {isa = PBXFileReference; lastKnownFileType = sourcecode.swift; path = UserModel.swift; sourceTree = "<group>"; };
/* End PBXFileReference section */

/* Begin PBXFrameworksBuildPhase section */
		C9B5C70320F72C78001E6206 /* Frameworks */ = {
			isa = PBXFrameworksBuildPhase;
			buildActionMask = 2147483647;
			files = (
			);
			runOnlyForDeploymentPostprocessing = 0;
		};
		C9B5C71720F72C79001E6206 /* Frameworks */ = {
			isa = PBXFrameworksBuildPhase;
			buildActionMask = 2147483647;
			files = (
			);
			runOnlyForDeploymentPostprocessing = 0;
		};
		C9B5C72220F72C79001E6206 /* Frameworks */ = {
			isa = PBXFrameworksBuildPhase;
			buildActionMask = 2147483647;
			files = (
			);
			runOnlyForDeploymentPostprocessing = 0;
		};
/* End PBXFrameworksBuildPhase section */

/* Begin PBXGroup section */
		C9B5C6FD20F72C78001E6206 = {
			isa = PBXGroup;
			children = (
				C9B5C73720F72D0A001E6206 /* PFMediator */,
				C9B5C70820F72C78001E6206 /* PFMediator-master */,
				C9B5C71D20F72C79001E6206 /* PFMediator-masterTests */,
				C9B5C72820F72C79001E6206 /* PFMediator-masterUITests */,
				C9B5C70720F72C78001E6206 /* Products */,
			);
			sourceTree = "<group>";
		};
		C9B5C70720F72C78001E6206 /* Products */ = {
			isa = PBXGroup;
			children = (
				C9B5C70620F72C78001E6206 /* PFMediator-master.app */,
				C9B5C71A20F72C79001E6206 /* PFMediator-masterTests.xctest */,
				C9B5C72520F72C79001E6206 /* PFMediator-masterUITests.xctest */,
			);
			name = Products;
			sourceTree = "<group>";
		};
		C9B5C70820F72C78001E6206 /* PFMediator-master */ = {
			isa = PBXGroup;
			children = (
				C9B5C74920F73089001E6206 /* Actions */,
				C9B5C74A20F73089001E6206 /* MediatorApi */,
				C9B5C70920F72C78001E6206 /* AppDelegate.swift */,
				C9B5C70B20F72C78001E6206 /* ViewController.swift */,
				C9B5C74320F72DF0001E6206 /* HomePageViewController.swift */,
				C9B5C74520F73022001E6206 /* HomePageMessageViewController.swift */,
				C9B5C74720F73036001E6206 /* HomePageWeatherViewController.swift */,
				C9B5C75120F742DB001E6206 /* UserModel.swift */,
				C9B5C70D20F72C78001E6206 /* Main.storyboard */,
				C9B5C71020F72C79001E6206 /* Assets.xcassets */,
				C9B5C71220F72C79001E6206 /* LaunchScreen.storyboard */,
				C9B5C71520F72C79001E6206 /* Info.plist */,
			);
			path = "PFMediator-master";
			sourceTree = "<group>";
		};
		C9B5C71D20F72C79001E6206 /* PFMediator-masterTests */ = {
			isa = PBXGroup;
			children = (
				C9B5C71E20F72C79001E6206 /* PFMediator_masterTests.swift */,
				C9B5C72020F72C79001E6206 /* Info.plist */,
			);
			path = "PFMediator-masterTests";
			sourceTree = "<group>";
		};
		C9B5C72820F72C79001E6206 /* PFMediator-masterUITests */ = {
			isa = PBXGroup;
			children = (
				C9B5C72920F72C79001E6206 /* PFMediator_masterUITests.swift */,
				C9B5C72B20F72C79001E6206 /* Info.plist */,
			);
			path = "PFMediator-masterUITests";
			sourceTree = "<group>";
		};
		C9B5C73720F72D0A001E6206 /* PFMediator */ = {
			isa = PBXGroup;
			children = (
				C9B5C73820F72D0A001E6206 /* PFRouter */,
				C9B5C73A20F72D0A001E6206 /* PFMediator.swift */,
				C9B5C74F20F73138001E6206 /* PFTarget.swift */,
				C9B5C73B20F72D0A001E6206 /* PFMessageProtocol.swift */,
				C9B5C73C20F72D0A001E6206 /* PFMediatorProvider.swift */,
				C9B5C73D20F72D0A001E6206 /* PFMediatorTargetType.swift */,
			);
			path = PFMediator;
			sourceTree = "<group>";
		};
		C9B5C73820F72D0A001E6206 /* PFRouter */ = {
			isa = PBXGroup;
			children = (
				C9B5C73920F72D0A001E6206 /* PFRouter.swift */,
			);
			path = PFRouter;
			sourceTree = "<group>";
		};
		C9B5C74920F73089001E6206 /* Actions */ = {
			isa = PBXGroup;
			children = (
				C9B5C74B20F730A3001E6206 /* Target_HomePage.swift */,
			);
			path = Actions;
			sourceTree = "<group>";
		};
		C9B5C74A20F73089001E6206 /* MediatorApi */ = {
			isa = PBXGroup;
			children = (
				C9B5C74D20F730C0001E6206 /* Mediator_HomePageApi.swift */,
			);
			path = MediatorApi;
			sourceTree = "<group>";
		};
/* End PBXGroup section */

/* Begin PBXNativeTarget section */
		C9B5C70520F72C78001E6206 /* PFMediator-master */ = {
			isa = PBXNativeTarget;
			buildConfigurationList = C9B5C72E20F72C79001E6206 /* Build configuration list for PBXNativeTarget "PFMediator-master" */;
			buildPhases = (
				C9B5C70220F72C78001E6206 /* Sources */,
				C9B5C70320F72C78001E6206 /* Frameworks */,
				C9B5C70420F72C78001E6206 /* Resources */,
			);
			buildRules = (
			);
			dependencies = (
			);
			name = "PFMediator-master";
			productName = "PFMediator-master";
			productReference = C9B5C70620F72C78001E6206 /* PFMediator-master.app */;
			productType = "com.apple.product-type.application";
		};
		C9B5C71920F72C79001E6206 /* PFMediator-masterTests */ = {
			isa = PBXNativeTarget;
			buildConfigurationList = C9B5C73120F72C79001E6206 /* Build configuration list for PBXNativeTarget "PFMediator-masterTests" */;
			buildPhases = (
				C9B5C71620F72C79001E6206 /* Sources */,
				C9B5C71720F72C79001E6206 /* Frameworks */,
				C9B5C71820F72C79001E6206 /* Resources */,
			);
			buildRules = (
			);
			dependencies = (
				C9B5C71C20F72C79001E6206 /* PBXTargetDependency */,
			);
			name = "PFMediator-masterTests";
			productName = "PFMediator-masterTests";
			productReference = C9B5C71A20F72C79001E6206 /* PFMediator-masterTests.xctest */;
			productType = "com.apple.product-type.bundle.unit-test";
		};
		C9B5C72420F72C79001E6206 /* PFMediator-masterUITests */ = {
			isa = PBXNativeTarget;
			buildConfigurationList = C9B5C73420F72C79001E6206 /* Build configuration list for PBXNativeTarget "PFMediator-masterUITests" */;
			buildPhases = (
				C9B5C72120F72C79001E6206 /* Sources */,
				C9B5C72220F72C79001E6206 /* Frameworks */,
				C9B5C72320F72C79001E6206 /* Resources */,
			);
			buildRules = (
			);
			dependencies = (
				C9B5C72720F72C79001E6206 /* PBXTargetDependency */,
			);
			name = "PFMediator-masterUITests";
			productName = "PFMediator-masterUITests";
			productReference = C9B5C72520F72C79001E6206 /* PFMediator-masterUITests.xctest */;
			productType = "com.apple.product-type.bundle.ui-testing";
		};
/* End PBXNativeTarget section */

/* Begin PBXProject section */
		C9B5C6FE20F72C78001E6206 /* Project object */ = {
			isa = PBXProject;
			attributes = {
				LastSwiftUpdateCheck = 0930;
				LastUpgradeCheck = 0930;
				ORGANIZATIONNAME = "guo-pf";
				TargetAttributes = {
					C9B5C70520F72C78001E6206 = {
						CreatedOnToolsVersion = 9.3.1;
					};
					C9B5C71920F72C79001E6206 = {
						CreatedOnToolsVersion = 9.3.1;
						TestTargetID = C9B5C70520F72C78001E6206;
					};
					C9B5C72420F72C79001E6206 = {
						CreatedOnToolsVersion = 9.3.1;
						TestTargetID = C9B5C70520F72C78001E6206;
					};
				};
			};
			buildConfigurationList = C9B5C70120F72C78001E6206 /* Build configuration list for PBXProject "PFMediator-master" */;
			compatibilityVersion = "Xcode 9.3";
			developmentRegion = en;
			hasScannedForEncodings = 0;
			knownRegions = (
				en,
				Base,
			);
			mainGroup = C9B5C6FD20F72C78001E6206;
			productRefGroup = C9B5C70720F72C78001E6206 /* Products */;
			projectDirPath = "";
			projectRoot = "";
			targets = (
				C9B5C70520F72C78001E6206 /* PFMediator-master */,
				C9B5C71920F72C79001E6206 /* PFMediator-masterTests */,
				C9B5C72420F72C79001E6206 /* PFMediator-masterUITests */,
			);
		};
/* End PBXProject section */

/* Begin PBXResourcesBuildPhase section */
		C9B5C70420F72C78001E6206 /* Resources */ = {
			isa = PBXResourcesBuildPhase;
			buildActionMask = 2147483647;
			files = (
				C9B5C71420F72C79001E6206 /* LaunchScreen.storyboard in Resources */,
				C9B5C71120F72C79001E6206 /* Assets.xcassets in Resources */,
				C9B5C70F20F72C78001E6206 /* Main.storyboard in Resources */,
			);
			runOnlyForDeploymentPostprocessing = 0;
		};
		C9B5C71820F72C79001E6206 /* Resources */ = {
			isa = PBXResourcesBuildPhase;
			buildActionMask = 2147483647;
			files = (
			);
			runOnlyForDeploymentPostprocessing = 0;
		};
		C9B5C72320F72C79001E6206 /* Resources */ = {
			isa = PBXResourcesBuildPhase;
			buildActionMask = 2147483647;
			files = (
			);
			runOnlyForDeploymentPostprocessing = 0;
		};
/* End PBXResourcesBuildPhase section */

/* Begin PBXSourcesBuildPhase section */
		C9B5C70220F72C78001E6206 /* Sources */ = {
			isa = PBXSourcesBuildPhase;
			buildActionMask = 2147483647;
			files = (
				C9B5C70C20F72C78001E6206 /* ViewController.swift in Sources */,
				C9B5C74220F72D0A001E6206 /* PFMediatorTargetType.swift in Sources */,
				C9B5C73E20F72D0A001E6206 /* PFRouter.swift in Sources */,
				C9B5C73F20F72D0A001E6206 /* PFMediator.swift in Sources */,
				C9B5C74620F73022001E6206 /* HomePageMessageViewController.swift in Sources */,
				C9B5C74820F73036001E6206 /* HomePageWeatherViewController.swift in Sources */,
				C9B5C74420F72DF0001E6206 /* HomePageViewController.swift in Sources */,
				C9B5C74C20F730A3001E6206 /* Target_HomePage.swift in Sources */,
				C9B5C75220F742DB001E6206 /* UserModel.swift in Sources */,
				C9B5C74120F72D0A001E6206 /* PFMediatorProvider.swift in Sources */,
				C9B5C74E20F730C0001E6206 /* Mediator_HomePageApi.swift in Sources */,
				C9B5C74020F72D0A001E6206 /* PFMessageProtocol.swift in Sources */,
				C9B5C75020F73138001E6206 /* PFTarget.swift in Sources */,
				C9B5C70A20F72C78001E6206 /* AppDelegate.swift in Sources */,
			);
			runOnlyForDeploymentPostprocessing = 0;
		};
		C9B5C71620F72C79001E6206 /* Sources */ = {
			isa = PBXSourcesBuildPhase;
			buildActionMask = 2147483647;
			files = (
				C9B5C71F20F72C79001E6206 /* PFMediator_masterTests.swift in Sources */,
			);
			runOnlyForDeploymentPostprocessing = 0;
		};
		C9B5C72120F72C79001E6206 /* Sources */ = {
			isa = PBXSourcesBuildPhase;
			buildActionMask = 2147483647;
			files = (
				C9B5C72A20F72C79001E6206 /* PFMediator_masterUITests.swift in Sources */,
			);
			runOnlyForDeploymentPostprocessing = 0;
		};
/* End PBXSourcesBuildPhase section */

/* Begin PBXTargetDependency section */
		C9B5C71C20F72C79001E6206 /* PBXTargetDependency */ = {
			isa = PBXTargetDependency;
			target = C9B5C70520F72C78001E6206 /* PFMediator-master */;
			targetProxy = C9B5C71B20F72C79001E6206 /* PBXContainerItemProxy */;
		};
		C9B5C72720F72C79001E6206 /* PBXTargetDependency */ = {
			isa = PBXTargetDependency;
			target = C9B5C70520F72C78001E6206 /* PFMediator-master */;
			targetProxy = C9B5C72620F72C79001E6206 /* PBXContainerItemProxy */;
		};
/* End PBXTargetDependency section */

/* Begin PBXVariantGroup section */
		C9B5C70D20F72C78001E6206 /* Main.storyboard */ = {
			isa = PBXVariantGroup;
			children = (
				C9B5C70E20F72C78001E6206 /* Base */,
			);
			name = Main.storyboard;
			sourceTree = "<group>";
		};
		C9B5C71220F72C79001E6206 /* LaunchScreen.storyboard */ = {
			isa = PBXVariantGroup;
			children = (
				C9B5C71320F72C79001E6206 /* Base */,
			);
			name = LaunchScreen.storyboard;
			sourceTree = "<group>";
		};
/* End PBXVariantGroup section */

/* Begin XCBuildConfiguration section */
		C9B5C72C20F72C79001E6206 /* Debug */ = {
			isa = XCBuildConfiguration;
			buildSettings = {
				ALWAYS_SEARCH_USER_PATHS = NO;
				CLANG_ANALYZER_NONNULL = YES;
				CLANG_ANALYZER_NUMBER_OBJECT_CONVERSION = YES_AGGRESSIVE;
				CLANG_CXX_LANGUAGE_STANDARD = "gnu++14";
				CLANG_CXX_LIBRARY = "libc++";
				CLANG_ENABLE_MODULES = YES;
				CLANG_ENABLE_OBJC_ARC = YES;
				CLANG_ENABLE_OBJC_WEAK = YES;
				CLANG_WARN_BLOCK_CAPTURE_AUTORELEASING = YES;
				CLANG_WARN_BOOL_CONVERSION = YES;
				CLANG_WARN_COMMA = YES;
				CLANG_WARN_CONSTANT_CONVERSION = YES;
				CLANG_WARN_DEPRECATED_OBJC_IMPLEMENTATIONS = YES;
				CLANG_WARN_DIRECT_OBJC_ISA_USAGE = YES_ERROR;
				CLANG_WARN_DOCUMENTATION_COMMENTS = YES;
				CLANG_WARN_EMPTY_BODY = YES;
				CLANG_WARN_ENUM_CONVERSION = YES;
				CLANG_WARN_INFINITE_RECURSION = YES;
				CLANG_WARN_INT_CONVERSION = YES;
				CLANG_WARN_NON_LITERAL_NULL_CONVERSION = YES;
				CLANG_WARN_OBJC_IMPLICIT_RETAIN_SELF = YES;
				CLANG_WARN_OBJC_LITERAL_CONVERSION = YES;
				CLANG_WARN_OBJC_ROOT_CLASS = YES_ERROR;
				CLANG_WARN_RANGE_LOOP_ANALYSIS = YES;
				CLANG_WARN_STRICT_PROTOTYPES = YES;
				CLANG_WARN_SUSPICIOUS_MOVE = YES;
				CLANG_WARN_UNGUARDED_AVAILABILITY = YES_AGGRESSIVE;
				CLANG_WARN_UNREACHABLE_CODE = YES;
				CLANG_WARN__DUPLICATE_METHOD_MATCH = YES;
				CODE_SIGN_IDENTITY = "iPhone Developer";
				COPY_PHASE_STRIP = NO;
				DEBUG_INFORMATION_FORMAT = dwarf;
				ENABLE_STRICT_OBJC_MSGSEND = YES;
				ENABLE_TESTABILITY = YES;
				GCC_C_LANGUAGE_STANDARD = gnu11;
				GCC_DYNAMIC_NO_PIC = NO;
				GCC_NO_COMMON_BLOCKS = YES;
				GCC_OPTIMIZATION_LEVEL = 0;
				GCC_PREPROCESSOR_DEFINITIONS = (
					"DEBUG=1",
					"$(inherited)",
				);
				GCC_WARN_64_TO_32_BIT_CONVERSION = YES;
				GCC_WARN_ABOUT_RETURN_TYPE = YES_ERROR;
				GCC_WARN_UNDECLARED_SELECTOR = YES;
				GCC_WARN_UNINITIALIZED_AUTOS = YES_AGGRESSIVE;
				GCC_WARN_UNUSED_FUNCTION = YES;
				GCC_WARN_UNUSED_VARIABLE = YES;
				IPHONEOS_DEPLOYMENT_TARGET = 11.3;
				MTL_ENABLE_DEBUG_INFO = YES;
				ONLY_ACTIVE_ARCH = YES;
				SDKROOT = iphoneos;
				SWIFT_ACTIVE_COMPILATION_CONDITIONS = DEBUG;
				SWIFT_OPTIMIZATION_LEVEL = "-Onone";
			};
			name = Debug;
		};
		C9B5C72D20F72C79001E6206 /* Release */ = {
			isa = XCBuildConfiguration;
			buildSettings = {
				ALWAYS_SEARCH_USER_PATHS = NO;
				CLANG_ANALYZER_NONNULL = YES;
				CLANG_ANALYZER_NUMBER_OBJECT_CONVERSION = YES_AGGRESSIVE;
				CLANG_CXX_LANGUAGE_STANDARD = "gnu++14";
				CLANG_CXX_LIBRARY = "libc++";
				CLANG_ENABLE_MODULES = YES;
				CLANG_ENABLE_OBJC_ARC = YES;
				CLANG_ENABLE_OBJC_WEAK = YES;
				CLANG_WARN_BLOCK_CAPTURE_AUTORELEASING = YES;
				CLANG_WARN_BOOL_CONVERSION = YES;
				CLANG_WARN_COMMA = YES;
				CLANG_WARN_CONSTANT_CONVERSION = YES;
				CLANG_WARN_DEPRECATED_OBJC_IMPLEMENTATIONS = YES;
				CLANG_WARN_DIRECT_OBJC_ISA_USAGE = YES_ERROR;
				CLANG_WARN_DOCUMENTATION_COMMENTS = YES;
				CLANG_WARN_EMPTY_BODY = YES;
				CLANG_WARN_ENUM_CONVERSION = YES;
				CLANG_WARN_INFINITE_RECURSION = YES;
				CLANG_WARN_INT_CONVERSION = YES;
				CLANG_WARN_NON_LITERAL_NULL_CONVERSION = YES;
				CLANG_WARN_OBJC_IMPLICIT_RETAIN_SELF = YES;
				CLANG_WARN_OBJC_LITERAL_CONVERSION = YES;
				CLANG_WARN_OBJC_ROOT_CLASS = YES_ERROR;
				CLANG_WARN_RANGE_LOOP_ANALYSIS = YES;
				CLANG_WARN_STRICT_PROTOTYPES = YES;
				CLANG_WARN_SUSPICIOUS_MOVE = YES;
				CLANG_WARN_UNGUARDED_AVAILABILITY = YES_AGGRESSIVE;
				CLANG_WARN_UNREACHABLE_CODE = YES;
				CLANG_WARN__DUPLICATE_METHOD_MATCH = YES;
				CODE_SIGN_IDENTITY = "iPhone Developer";
				COPY_PHASE_STRIP = NO;
				DEBUG_INFORMATION_FORMAT = "dwarf-with-dsym";
				ENABLE_NS_ASSERTIONS = NO;
				ENABLE_STRICT_OBJC_MSGSEND = YES;
				GCC_C_LANGUAGE_STANDARD = gnu11;
				GCC_NO_COMMON_BLOCKS = YES;
				GCC_WARN_64_TO_32_BIT_CONVERSION = YES;
				GCC_WARN_ABOUT_RETURN_TYPE = YES_ERROR;
				GCC_WARN_UNDECLARED_SELECTOR = YES;
				GCC_WARN_UNINITIALIZED_AUTOS = YES_AGGRESSIVE;
				GCC_WARN_UNUSED_FUNCTION = YES;
				GCC_WARN_UNUSED_VARIABLE = YES;
				IPHONEOS_DEPLOYMENT_TARGET = 11.3;
				MTL_ENABLE_DEBUG_INFO = NO;
				SDKROOT = iphoneos;
				SWIFT_COMPILATION_MODE = wholemodule;
				SWIFT_OPTIMIZATION_LEVEL = "-O";
				VALIDATE_PRODUCT = YES;
			};
			name = Release;
		};
		C9B5C72F20F72C79001E6206 /* Debug */ = {
			isa = XCBuildConfiguration;
			buildSettings = {
				ASSETCATALOG_COMPILER_APPICON_NAME = AppIcon;
				CODE_SIGN_STYLE = Automatic;
				DEVELOPMENT_TEAM = 982E63SSU5;
				INFOPLIST_FILE = "PFMediator-master/Info.plist";
				LD_RUNPATH_SEARCH_PATHS = (
					"$(inherited)",
					"@executable_path/Frameworks",
				);
				PRODUCT_BUNDLE_IDENTIFIER = "guo-pf.PFMediator-master";
				PRODUCT_NAME = "$(TARGET_NAME)";
				SWIFT_VERSION = 4.0;
				TARGETED_DEVICE_FAMILY = "1,2";
			};
			name = Debug;
		};
		C9B5C73020F72C79001E6206 /* Release */ = {
			isa = XCBuildConfiguration;
			buildSettings = {
				ASSETCATALOG_COMPILER_APPICON_NAME = AppIcon;
				CODE_SIGN_STYLE = Automatic;
				DEVELOPMENT_TEAM = 982E63SSU5;
				INFOPLIST_FILE = "PFMediator-master/Info.plist";
				LD_RUNPATH_SEARCH_PATHS = (
					"$(inherited)",
					"@executable_path/Frameworks",
				);
				PRODUCT_BUNDLE_IDENTIFIER = "guo-pf.PFMediator-master";
				PRODUCT_NAME = "$(TARGET_NAME)";
				SWIFT_VERSION = 4.0;
				TARGETED_DEVICE_FAMILY = "1,2";
			};
			name = Release;
		};
		C9B5C73220F72C79001E6206 /* Debug */ = {
			isa = XCBuildConfiguration;
			buildSettings = {
				ALWAYS_EMBED_SWIFT_STANDARD_LIBRARIES = YES;
				BUNDLE_LOADER = "$(TEST_HOST)";
				CODE_SIGN_STYLE = Automatic;
				DEVELOPMENT_TEAM = 982E63SSU5;
				INFOPLIST_FILE = "PFMediator-masterTests/Info.plist";
				LD_RUNPATH_SEARCH_PATHS = (
					"$(inherited)",
					"@executable_path/Frameworks",
					"@loader_path/Frameworks",
				);
				PRODUCT_BUNDLE_IDENTIFIER = "guo-pf.PFMediator-masterTests";
				PRODUCT_NAME = "$(TARGET_NAME)";
				SWIFT_VERSION = 4.0;
				TARGETED_DEVICE_FAMILY = "1,2";
				TEST_HOST = "$(BUILT_PRODUCTS_DIR)/PFMediator-master.app/PFMediator-master";
			};
			name = Debug;
		};
		C9B5C73320F72C79001E6206 /* Release */ = {
			isa = XCBuildConfiguration;
			buildSettings = {
				ALWAYS_EMBED_SWIFT_STANDARD_LIBRARIES = YES;
				BUNDLE_LOADER = "$(TEST_HOST)";
				CODE_SIGN_STYLE = Automatic;
				DEVELOPMENT_TEAM = 982E63SSU5;
				INFOPLIST_FILE = "PFMediator-masterTests/Info.plist";
				LD_RUNPATH_SEARCH_PATHS = (
					"$(inherited)",
					"@executable_path/Frameworks",
					"@loader_path/Frameworks",
				);
				PRODUCT_BUNDLE_IDENTIFIER = "guo-pf.PFMediator-masterTests";
				PRODUCT_NAME = "$(TARGET_NAME)";
				SWIFT_VERSION = 4.0;
				TARGETED_DEVICE_FAMILY = "1,2";
				TEST_HOST = "$(BUILT_PRODUCTS_DIR)/PFMediator-master.app/PFMediator-master";
			};
			name = Release;
		};
		C9B5C73520F72C79001E6206 /* Debug */ = {
			isa = XCBuildConfiguration;
			buildSettings = {
				ALWAYS_EMBED_SWIFT_STANDARD_LIBRARIES = YES;
				CODE_SIGN_STYLE = Automatic;
				DEVELOPMENT_TEAM = 982E63SSU5;
				INFOPLIST_FILE = "PFMediator-masterUITests/Info.plist";
				LD_RUNPATH_SEARCH_PATHS = (
					"$(inherited)",
					"@executable_path/Frameworks",
					"@loader_path/Frameworks",
				);
				PRODUCT_BUNDLE_IDENTIFIER = "guo-pf.PFMediator-masterUITests";
				PRODUCT_NAME = "$(TARGET_NAME)";
				SWIFT_VERSION = 4.0;
				TARGETED_DEVICE_FAMILY = "1,2";
				TEST_TARGET_NAME = "PFMediator-master";
			};
			name = Debug;
		};
		C9B5C73620F72C79001E6206 /* Release */ = {
			isa = XCBuildConfiguration;
			buildSettings = {
				ALWAYS_EMBED_SWIFT_STANDARD_LIBRARIES = YES;
				CODE_SIGN_STYLE = Automatic;
				DEVELOPMENT_TEAM = 982E63SSU5;
				INFOPLIST_FILE = "PFMediator-masterUITests/Info.plist";
				LD_RUNPATH_SEARCH_PATHS = (
					"$(inherited)",
					"@executable_path/Frameworks",
					"@loader_path/Frameworks",
				);
				PRODUCT_BUNDLE_IDENTIFIER = "guo-pf.PFMediator-masterUITests";
				PRODUCT_NAME = "$(TARGET_NAME)";
				SWIFT_VERSION = 4.0;
				TARGETED_DEVICE_FAMILY = "1,2";
				TEST_TARGET_NAME = "PFMediator-master";
			};
			name = Release;
		};
/* End XCBuildConfiguration section */

/* Begin XCConfigurationList section */
		C9B5C70120F72C78001E6206 /* Build configuration list for PBXProject "PFMediator-master" */ = {
			isa = XCConfigurationList;
			buildConfigurations = (
				C9B5C72C20F72C79001E6206 /* Debug */,
				C9B5C72D20F72C79001E6206 /* Release */,
			);
			defaultConfigurationIsVisible = 0;
			defaultConfigurationName = Release;
		};
		C9B5C72E20F72C79001E6206 /* Build configuration list for PBXNativeTarget "PFMediator-master" */ = {
			isa = XCConfigurationList;
			buildConfigurations = (
				C9B5C72F20F72C79001E6206 /* Debug */,
				C9B5C73020F72C79001E6206 /* Release */,
			);
			defaultConfigurationIsVisible = 0;
			defaultConfigurationName = Release;
		};
		C9B5C73120F72C79001E6206 /* Build configuration list for PBXNativeTarget "PFMediator-masterTests" */ = {
			isa = XCConfigurationList;
			buildConfigurations = (
				C9B5C73220F72C79001E6206 /* Debug */,
				C9B5C73320F72C79001E6206 /* Release */,
			);
			defaultConfigurationIsVisible = 0;
			defaultConfigurationName = Release;
		};
		C9B5C73420F72C79001E6206 /* Build configuration list for PBXNativeTarget "PFMediator-masterUITests" */ = {
			isa = XCConfigurationList;
			buildConfigurations = (
				C9B5C73520F72C79001E6206 /* Debug */,
				C9B5C73620F72C79001E6206 /* Release */,
			);
			defaultConfigurationIsVisible = 0;
			defaultConfigurationName = Release;
		};
/* End XCConfigurationList section */
	};
	rootObject = C9B5C6FE20F72C78001E6206 /* Project object */;
}
